
Microsoft Visual Studio Solution File, Format Version 12.00
# Visual Studio Version 17
VisualStudioVersion = 17.0.31903.59
MinimumVisualStudioVersion = 10.0.40219.1
Project("{FAE04EC0-301F-11D3-BF4B-00C04F79EFBC}") = "OpenSearchEventProducer", "OpenSearchEventProducer\OpenSearchEventProducer.csproj", "{A99F24B8-A0A8-478E-9368-84127E55C37D}"
EndProject
Project("{FAE04EC0-301F-11D3-BF4B-00C04F79EFBC}") = "OpenSearchEventProducer.Tests", "OpenSearchEventProducer.Tests\OpenSearchEventProducer.Tests.csproj", "{2209C7B9-CE4C-4874-9FD4-6A545A8B2D46}"
EndProject
Project("{FAE04EC0-301F-11D3-BF4B-00C04F79EFBC}") = "OpenSearchRetentionDashboard", "OpenSearchRetentionDashboard\OpenSearchRetentionDashboard.csproj", "{0F46022A-BAFC-4EB6-B7A7-6B6992FF176E}"
EndProject
Global
	GlobalSection(SolutionConfigurationPlatforms) = preSolution
		Debug|Any CPU = Debug|Any CPU
		Debug|x64 = Debug|x64
		Debug|x86 = Debug|x86
		Release|Any CPU = Release|Any CPU
		Release|x64 = Release|x64
		Release|x86 = Release|x86
	EndGlobalSection
	GlobalSection(ProjectConfigurationPlatforms) = postSolution
		{A99F24B8-A0A8-478E-9368-84127E55C37D}.Debug|Any CPU.ActiveCfg = Debug|Any CPU
		{A99F24B8-A0A8-478E-9368-84127E55C37D}.Debug|Any CPU.Build.0 = Debug|Any CPU
		{A99F24B8-A0A8-478E-9368-84127E55C37D}.Debug|x64.ActiveCfg = Debug|Any CPU
		{A99F24B8-A0A8-478E-9368-84127E55C37D}.Debug|x64.Build.0 = Debug|Any CPU
		{A99F24B8-A0A8-478E-9368-84127E55C37D}.Debug|x86.ActiveCfg = Debug|Any CPU
		{A99F24B8-A0A8-478E-9368-84127E55C37D}.Debug|x86.Build.0 = Debug|Any CPU
		{A99F24B8-A0A8-478E-9368-84127E55C37D}.Release|Any CPU.ActiveCfg = Release|Any CPU
		{A99F24B8-A0A8-478E-9368-84127E55C37D}.Release|Any CPU.Build.0 = Release|Any CPU
		{A99F24B8-A0A8-478E-9368-84127E55C37D}.Release|x64.ActiveCfg = Release|Any CPU
		{A99F24B8-A0A8-478E-9368-84127E55C37D}.Release|x64.Build.0 = Release|Any CPU
		{A99F24B8-A0A8-478E-9368-84127E55C37D}.Release|x86.ActiveCfg = Release|Any CPU
		{A99F24B8-A0A8-478E-9368-84127E55C37D}.Release|x86.Build.0 = Release|Any CPU
		{2209C7B9-CE4C-4874-9FD4-6A545A8B2D46}.Debug|Any CPU.ActiveCfg = Debug|Any CPU
		{2209C7B9-CE4C-4874-9FD4-6A545A8B2D46}.Debug|Any CPU.Build.0 = Debug|Any CPU
		{2209C7B9-CE4C-4874-9FD4-6A545A8B2D46}.Debug|x64.ActiveCfg = Debug|Any CPU
		{2209C7B9-CE4C-4874-9FD4-6A545A8B2D46}.Debug|x64.Build.0 = Debug|Any CPU
		{2209C7B9-CE4C-4874-9FD4-6A545A8B2D46}.Debug|x86.ActiveCfg = Debug|Any CPU
		{2209C7B9-CE4C-4874-9FD4-6A545A8B2D46}.Debug|x86.Build.0 = Debug|Any CPU
		{2209C7B9-CE4C-4874-9FD4-6A545A8B2D46}.Release|Any CPU.ActiveCfg = Release|Any CPU
		{2209C7B9-CE4C-4874-9FD4-6A545A8B2D46}.Release|Any CPU.Build.0 = Release|Any CPU
		{2209C7B9-CE4C-4874-9FD4-6A545A8B2D46}.Release|x64.ActiveCfg = Release|Any CPU
		{2209C7B9-CE4C-4874-9FD4-6A545A8B2D46}.Release|x64.Build.0 = Release|Any CPU
		{2209C7B9-CE4C-4874-9FD4-6A545A8B2D46}.Release|x86.ActiveCfg = Release|Any CPU
		{2209C7B9-CE4C-4874-9FD4-6A545A8B2D46}.Release|x86.Build.0 = Release|Any CPU
		{0F46022A-BAFC-4EB6-B7A7-6B6992FF176E}.Debug|Any CPU.ActiveCfg = Debug|Any CPU
		{0F46022A-BAFC-4EB6-B7A7-6B6992FF176E}.Debug|Any CPU.Build.0 = Debug|Any CPU
		{0F46022A-BAFC-4EB6-B7A7-6B6992FF176E}.Debug|x64.ActiveCfg = Debug|Any CPU
		{0F46022A-BAFC-4EB6-B7A7-6B6992FF176E}.Debug|x64.Build.0 = Debug|Any CPU
		{0F46022A-BAFC-4EB6-B7A7-6B6992FF176E}.Debug|x86.ActiveCfg = Debug|Any CPU
		{0F46022A-BAFC-4EB6-B7A7-6B6992FF176E}.Debug|x86.Build.0 = Debug|Any CPU
		{0F46022A-BAFC-4EB6-B7A7-6B6992FF176E}.Release|Any CPU.ActiveCfg = Release|Any CPU
		{0F46022A-BAFC-4EB6-B7A7-6B6992FF176E}.Release|Any CPU.Build.0 = Release|Any CPU
		{0F46022A-BAFC-4EB6-B7A7-6B6992FF176E}.Release|x64.ActiveCfg = Release|Any CPU
		{0F46022A-BAFC-4EB6-B7A7-6B6992FF176E}.Release|x64.Build.0 = Release|Any CPU
		{0F46022A-BAFC-4EB6-B7A7-6B6992FF176E}.Release|x86.ActiveCfg = Release|Any CPU
		{0F46022A-BAFC-4EB6-B7A7-6B6992FF176E}.Release|x86.Build.0 = Release|Any CPU
	EndGlobalSection
	GlobalSection(SolutionProperties) = preSolution
		HideSolutionNode = FALSE
	EndGlobalSection
EndGlobal
